{
  "version": "1",
  "dependencies": {
    "larsbaunwall/ddd-types": {
      "ref": "main",
      "refType": "branch",
      "resolved": "https://api.github.com/repos/larsbaunwall/ddd-types/tarball/5cbaff9028a3ec1dc3ec883e80b88db896617cf5",
      "commit": "5cbaff9028a3ec1dc3ec883e80b88db896617cf5",
      "integrity": "sha512-ygG5INn9dFGcUNoaI2sD9BrLcR0aBOkuXwkNRmBwqReM13rAnlHk2bTeU9FkX3h+rDnLpX29bleppLNGchCC0g=="
    }
  }
}